
Microsoft Visual Studio Solution File, Format Version 12.00
# Visual Studio Version 16
VisualStudioVersion = 16.0.31005.135
MinimumVisualStudioVersion = 10.0.40219.1
Project("{FAE04EC0-301F-11D3-BF4B-00C04F79EFBC}") = "Observer", "Observer\Observer.csproj", "{6AA8E811-7BB7-4D63-A018-B844FA8C05A7}"
EndProject
Global
	GlobalSection(SolutionConfigurationPlatforms) = preSolution
		Debug|Any CPU = Debug|Any CPU
		Release|Any CPU = Release|Any CPU
	EndGlobalSection
	GlobalSection(ProjectConfigurationPlatforms) = postSolution
		{6AA8E811-7BB7-4D63-A018-B844FA8C05A7}.Debug|Any CPU.ActiveCfg = Debug|Any CPU
		{6AA8E811-7BB7-4D63-A018-B844FA8C05A7}.Debug|Any CPU.Build.0 = Debug|Any CPU
		{6AA8E811-7BB7-4D63-A018-B844FA8C05A7}.Release|Any CPU.ActiveCfg = Release|Any CPU
		{6AA8E811-7BB7-4D63-A018-B844FA8C05A7}.Release|Any CPU.Build.0 = Release|Any CPU
	EndGlobalSection
	GlobalSection(SolutionProperties) = preSolution
		HideSolutionNode = FALSE
	EndGlobalSection
	GlobalSection(ExtensibilityGlobals) = postSolution
		SolutionGuid = {7A1F1157-1B4D-41D8-BC2C-A70BBD309354}
	EndGlobalSection
EndGlobal
